// !$*UTF8*$!
{
	archiveVersion = 1;
	classes = {
	};
	objectVersion = 46;
	objects = {

/* Begin PBXBuildFile section */
		28AD77D619BF4B3000ECD68D /* AppSocially.framework in Frameworks */ = {isa = PBXBuildFile; fileRef = 28AD77D519BF4B3000ECD68D /* AppSocially.framework */; };
		28AD77D819BF4B4F00ECD68D /* FacebookSDK.framework in Frameworks */ = {isa = PBXBuildFile; fileRef = 28AD77D719BF4B4F00ECD68D /* FacebookSDK.framework */; };
		28AD77DA19BF4D9400ECD68D /* BarColor3.png in Resources */ = {isa = PBXBuildFile; fileRef = 28AD77D919BF4D9400ECD68D /* BarColor3.png */; };
		85B445C117288AA400D584DA /* libxml2.dylib in Frameworks */ = {isa = PBXBuildFile; fileRef = 85B445C017288AA400D584DA /* libxml2.dylib */; };
		85B445C317288ADF00D584DA /* Security.framework in Frameworks */ = {isa = PBXBuildFile; fileRef = 85B445C217288ADF00D584DA /* Security.framework */; settings = {ATTRIBUTES = (Weak, ); }; };
		85B445C717288CB800D584DA /* libresolv.dylib in Frameworks */ = {isa = PBXBuildFile; fileRef = 85B445C617288CB800D584DA /* libresolv.dylib */; };
		85B445C917288CBD00D584DA /* CFNetwork.framework in Frameworks */ = {isa = PBXBuildFile; fileRef = 85B445C817288CBD00D584DA /* CFNetwork.framework */; };
		85B445D217288F0900D584DA /* SystemConfiguration.framework in Frameworks */ = {isa = PBXBuildFile; fileRef = 85B445D117288F0900D584DA /* SystemConfiguration.framework */; };
		85B4479D1728B25200D584DA /* MobileCoreServices.framework in Frameworks */ = {isa = PBXBuildFile; fileRef = 85B4479C1728B25200D584DA /* MobileCoreServices.framework */; };
		85B447A91728B61700D584DA /* Accounts.framework in Frameworks */ = {isa = PBXBuildFile; fileRef = 85B447A81728B61700D584DA /* Accounts.framework */; settings = {ATTRIBUTES = (Weak, ); }; };
		85B447AB1728B62800D584DA /* Social.framework in Frameworks */ = {isa = PBXBuildFile; fileRef = 85B447AA1728B62800D584DA /* Social.framework */; settings = {ATTRIBUTES = (Weak, ); }; };
		85B447BD1728BC1100D584DA /* QuartzCore.framework in Frameworks */ = {isa = PBXBuildFile; fileRef = 85B447BC1728BC1100D584DA /* QuartzCore.framework */; };
		8A15B90217666A390046E3CC /* InfoPlist.strings in Resources */ = {isa = PBXBuildFile; fileRef = 8A15B8F317666A390046E3CC /* InfoPlist.strings */; };
		8A15B90417666A390046E3CC /* AppSociallyDemoAppDelegate.m in Sources */ = {isa = PBXBuildFile; fileRef = 8A15B8F817666A390046E3CC /* AppSociallyDemoAppDelegate.m */; };
		8A15B90517666A390046E3CC /* AppSociallyDemoMainViewController.m in Sources */ = {isa = PBXBuildFile; fileRef = 8A15B8FA17666A390046E3CC /* AppSociallyDemoMainViewController.m */; };
		8A15B90617666A390046E3CC /* main.m in Sources */ = {isa = PBXBuildFile; fileRef = 8A15B8FB17666A390046E3CC /* main.m */; };
		8A15B90D17666AE90046E3CC /* Default-568h@2x.png in Resources */ = {isa = PBXBuildFile; fileRef = 8A15B90A17666AE90046E3CC /* Default-568h@2x.png */; };
		8A15B90E17666AE90046E3CC /* Default.png in Resources */ = {isa = PBXBuildFile; fileRef = 8A15B90B17666AE90046E3CC /* Default.png */; };
		8A15B90F17666AE90046E3CC /* Default@2x.png in Resources */ = {isa = PBXBuildFile; fileRef = 8A15B90C17666AE90046E3CC /* Default@2x.png */; };
		8A8073F1176786650053209C /* IISideController.m in Sources */ = {isa = PBXBuildFile; fileRef = 8A8073EB176786650053209C /* IISideController.m */; };
		8A8073F2176786650053209C /* IIViewDeckController.m in Sources */ = {isa = PBXBuildFile; fileRef = 8A8073ED176786650053209C /* IIViewDeckController.m */; };
		8A8073F3176786650053209C /* IIWrapController.m in Sources */ = {isa = PBXBuildFile; fileRef = 8A8073EF176786650053209C /* IIWrapController.m */; };
		8A8073F7176787EB0053209C /* InviteTableViewController.m in Sources */ = {isa = PBXBuildFile; fileRef = 8A8073F5176787EB0053209C /* InviteTableViewController.m */; };
		8A8073F8176787EB0053209C /* InviteTableViewController.xib in Resources */ = {isa = PBXBuildFile; fileRef = 8A8073F6176787EB0053209C /* InviteTableViewController.xib */; };
		8A8073FB1767895B0053209C /* libiconv.dylib in Frameworks */ = {isa = PBXBuildFile; fileRef = 8A8073F9176789150053209C /* libiconv.dylib */; };
		8A8073FD17678C8A0053209C /* AppSociallyDemoMainViewController.xib in Resources */ = {isa = PBXBuildFile; fileRef = 8A8073FC17678C8A0053209C /* AppSociallyDemoMainViewController.xib */; };
		8A8073FF176796B70053209C /* BarColor2.png in Resources */ = {isa = PBXBuildFile; fileRef = 8A8073FE176796B70053209C /* BarColor2.png */; };
		8A807401176797C60053209C /* people2@2x.png in Resources */ = {isa = PBXBuildFile; fileRef = 8A807400176797C60053209C /* people2@2x.png */; };
		8A80740417679E3F0053209C /* InviteTableCell.m in Sources */ = {isa = PBXBuildFile; fileRef = 8A80740317679E3F0053209C /* InviteTableCell.m */; };
		8A8074081767A1FC0053209C /* icon_facebook@2x.png in Resources */ = {isa = PBXBuildFile; fileRef = 8A8074051767A1FC0053209C /* icon_facebook@2x.png */; };
		8A8074091767A1FC0053209C /* icon_mail@2x.png in Resources */ = {isa = PBXBuildFile; fileRef = 8A8074061767A1FC0053209C /* icon_mail@2x.png */; };
		8A80740A1767A1FC0053209C /* icon_twitter@2x.png in Resources */ = {isa = PBXBuildFile; fileRef = 8A8074071767A1FC0053209C /* icon_twitter@2x.png */; };
		8A80740C1767A28A0053209C /* icon_contact@2x.png in Resources */ = {isa = PBXBuildFile; fileRef = 8A80740B1767A28A0053209C /* icon_contact@2x.png */; };
		8A8FCB7D179886AF000FDE7A /* Foundation.framework in Frameworks */ = {isa = PBXBuildFile; fileRef = 8A8FCB7C179886AF000FDE7A /* Foundation.framework */; };
		8A8FCB7F179886B8000FDE7A /* UIKit.framework in Frameworks */ = {isa = PBXBuildFile; fileRef = 8A8FCB7E179886B8000FDE7A /* UIKit.framework */; };
		8A8FCB81179886C0000FDE7A /* CoreGraphics.framework in Frameworks */ = {isa = PBXBuildFile; fileRef = 8A8FCB80179886C0000FDE7A /* CoreGraphics.framework */; };
		8A93BE7517CD5FE40057D525 /* AppSociallySDK.strings in Resources */ = {isa = PBXBuildFile; fileRef = 8A93BE7317CD5FE40057D525 /* AppSociallySDK.strings */; };
		8A93BE7917CD5FFA0057D525 /* AppSocially.bundle in Resources */ = {isa = PBXBuildFile; fileRef = 8A93BE7817CD5FFA0057D525 /* AppSocially.bundle */; };
		8AC6D6181741833E00820179 /* MessageUI.framework in Frameworks */ = {isa = PBXBuildFile; fileRef = 8AC6D6171741833E00820179 /* MessageUI.framework */; };
		8AC6D61B1741835000820179 /* AddressBook.framework in Frameworks */ = {isa = PBXBuildFile; fileRef = 8AC6D6191741835000820179 /* AddressBook.framework */; };
		8AC6D61C1741835000820179 /* AddressBookUI.framework in Frameworks */ = {isa = PBXBuildFile; fileRef = 8AC6D61A1741835000820179 /* AddressBookUI.framework */; };
/* End PBXBuildFile section */

/* Begin PBXFileReference section */
		28AD77D519BF4B3000ECD68D /* AppSocially.framework */ = {isa = PBXFileReference; lastKnownFileType = wrapper.framework; path = AppSocially.framework; sourceTree = "<group>"; };
		28AD77D719BF4B4F00ECD68D /* FacebookSDK.framework */ = {isa = PBXFileReference; lastKnownFileType = wrapper.framework; path = FacebookSDK.framework; sourceTree = "<group>"; };
		28AD77D919BF4D9400ECD68D /* BarColor3.png */ = {isa = PBXFileReference; lastKnownFileType = image.png; path = BarColor3.png; sourceTree = "<group>"; };
		85B4415F17288A2800D584DA /* SlideMenuSample.app */ = {isa = PBXFileReference; explicitFileType = wrapper.application; includeInIndex = 0; path = SlideMenuSample.app; sourceTree = BUILT_PRODUCTS_DIR; };
		85B445C017288AA400D584DA /* libxml2.dylib */ = {isa = PBXFileReference; lastKnownFileType = "compiled.mach-o.dylib"; name = libxml2.dylib; path = Platforms/iPhoneOS.platform/Developer/SDKs/iPhoneOS6.1.sdk/usr/lib/libxml2.dylib; sourceTree = DEVELOPER_DIR; };
		85B445C217288ADF00D584DA /* Security.framework */ = {isa = PBXFileReference; lastKnownFileType = wrapper.framework; name = Security.framework; path = Platforms/iPhoneOS.platform/Developer/SDKs/iPhoneOS6.1.sdk/System/Library/Frameworks/Security.framework; sourceTree = DEVELOPER_DIR; };
		85B445C617288CB800D584DA /* libresolv.dylib */ = {isa = PBXFileReference; lastKnownFileType = "compiled.mach-o.dylib"; name = libresolv.dylib; path = Platforms/iPhoneOS.platform/Developer/SDKs/iPhoneOS6.1.sdk/usr/lib/libresolv.dylib; sourceTree = DEVELOPER_DIR; };
		85B445C817288CBD00D584DA /* CFNetwork.framework */ = {isa = PBXFileReference; lastKnownFileType = wrapper.framework; name = CFNetwork.framework; path = Platforms/iPhoneOS.platform/Developer/SDKs/iPhoneOS6.1.sdk/System/Library/Frameworks/CFNetwork.framework; sourceTree = DEVELOPER_DIR; };
		85B445D117288F0900D584DA /* SystemConfiguration.framework */ = {isa = PBXFileReference; lastKnownFileType = wrapper.framework; name = SystemConfiguration.framework; path = Platforms/iPhoneOS.platform/Developer/SDKs/iPhoneOS6.1.sdk/System/Library/Frameworks/SystemConfiguration.framework; sourceTree = DEVELOPER_DIR; };
		85B4479C1728B25200D584DA /* MobileCoreServices.framework */ = {isa = PBXFileReference; lastKnownFileType = wrapper.framework; name = MobileCoreServices.framework; path = Platforms/iPhoneOS.platform/Developer/SDKs/iPhoneOS6.1.sdk/System/Library/Frameworks/MobileCoreServices.framework; sourceTree = DEVELOPER_DIR; };
		85B447A81728B61700D584DA /* Accounts.framework */ = {isa = PBXFileReference; lastKnownFileType = wrapper.framework; name = Accounts.framework; path = Platforms/iPhoneOS.platform/Developer/SDKs/iPhoneOS6.1.sdk/System/Library/Frameworks/Accounts.framework; sourceTree = DEVELOPER_DIR; };
		85B447AA1728B62800D584DA /* Social.framework */ = {isa = PBXFileReference; lastKnownFileType = wrapper.framework; name = Social.framework; path = Platforms/iPhoneOS.platform/Developer/SDKs/iPhoneOS6.1.sdk/System/Library/Frameworks/Social.framework; sourceTree = DEVELOPER_DIR; };
		85B447BC1728BC1100D584DA /* QuartzCore.framework */ = {isa = PBXFileReference; lastKnownFileType = wrapper.framework; name = QuartzCore.framework; path = Platforms/iPhoneOS.platform/Developer/SDKs/iPhoneOS6.1.sdk/System/Library/Frameworks/QuartzCore.framework; sourceTree = DEVELOPER_DIR; };
		8A15B8F117666A390046E3CC /* SlideMenuSample-Info.plist */ = {isa = PBXFileReference; fileEncoding = 4; lastKnownFileType = text.plist.xml; path = "SlideMenuSample-Info.plist"; sourceTree = "<group>"; };
		8A15B8F217666A390046E3CC /* SlideMenuSample-Prefix.pch */ = {isa = PBXFileReference; fileEncoding = 4; lastKnownFileType = sourcecode.c.h; path = "SlideMenuSample-Prefix.pch"; sourceTree = "<group>"; };
		8A15B8F417666A390046E3CC /* en */ = {isa = PBXFileReference; lastKnownFileType = text.plist.strings; name = en; path = en.lproj/InfoPlist.strings; sourceTree = "<group>"; };
		8A15B8F717666A390046E3CC /* AppSociallyDemoAppDelegate.h */ = {isa = PBXFileReference; fileEncoding = 4; lastKnownFileType = sourcecode.c.h; path = AppSociallyDemoAppDelegate.h; sourceTree = "<group>"; };
		8A15B8F817666A390046E3CC /* AppSociallyDemoAppDelegate.m */ = {isa = PBXFileReference; fileEncoding = 4; lastKnownFileType = sourcecode.c.objc; path = AppSociallyDemoAppDelegate.m; sourceTree = "<group>"; };
		8A15B8F917666A390046E3CC /* AppSociallyDemoMainViewController.h */ = {isa = PBXFileReference; fileEncoding = 4; lastKnownFileType = sourcecode.c.h; path = AppSociallyDemoMainViewController.h; sourceTree = "<group>"; };
		8A15B8FA17666A390046E3CC /* AppSociallyDemoMainViewController.m */ = {isa = PBXFileReference; fileEncoding = 4; lastKnownFileType = sourcecode.c.objc; path = AppSociallyDemoMainViewController.m; sourceTree = "<group>"; };
		8A15B8FB17666A390046E3CC /* main.m */ = {isa = PBXFileReference; fileEncoding = 4; lastKnownFileType = sourcecode.c.objc; path = main.m; sourceTree = "<group>"; };
		8A15B90A17666AE90046E3CC /* Default-568h@2x.png */ = {isa = PBXFileReference; lastKnownFileType = image.png; name = "Default-568h@2x.png"; path = "../Default-568h@2x.png"; sourceTree = "<group>"; };
		8A15B90B17666AE90046E3CC /* Default.png */ = {isa = PBXFileReference; lastKnownFileType = image.png; name = Default.png; path = ../Default.png; sourceTree = "<group>"; };
		8A15B90C17666AE90046E3CC /* Default@2x.png */ = {isa = PBXFileReference; lastKnownFileType = image.png; name = "Default@2x.png"; path = "../Default@2x.png"; sourceTree = "<group>"; };
		8A8073EA176786650053209C /* IISideController.h */ = {isa = PBXFileReference; fileEncoding = 4; lastKnownFileType = sourcecode.c.h; path = IISideController.h; sourceTree = "<group>"; };
		8A8073EB176786650053209C /* IISideController.m */ = {isa = PBXFileReference; fileEncoding = 4; lastKnownFileType = sourcecode.c.objc; path = IISideController.m; sourceTree = "<group>"; };
		8A8073EC176786650053209C /* IIViewDeckController.h */ = {isa = PBXFileReference; fileEncoding = 4; lastKnownFileType = sourcecode.c.h; path = IIViewDeckController.h; sourceTree = "<group>"; };
		8A8073ED176786650053209C /* IIViewDeckController.m */ = {isa = PBXFileReference; fileEncoding = 4; lastKnownFileType = sourcecode.c.objc; path = IIViewDeckController.m; sourceTree = "<group>"; };
		8A8073EE176786650053209C /* IIWrapController.h */ = {isa = PBXFileReference; fileEncoding = 4; lastKnownFileType = sourcecode.c.h; path = IIWrapController.h; sourceTree = "<group>"; };
		8A8073EF176786650053209C /* IIWrapController.m */ = {isa = PBXFileReference; fileEncoding = 4; lastKnownFileType = sourcecode.c.objc; path = IIWrapController.m; sourceTree = "<group>"; };
		8A8073F4176787EB0053209C /* InviteTableViewController.h */ = {isa = PBXFileReference; fileEncoding = 4; lastKnownFileType = sourcecode.c.h; path = InviteTableViewController.h; sourceTree = "<group>"; };
		8A8073F5176787EB0053209C /* InviteTableViewController.m */ = {isa = PBXFileReference; fileEncoding = 4; lastKnownFileType = sourcecode.c.objc; path = InviteTableViewController.m; sourceTree = "<group>"; };
		8A8073F6176787EB0053209C /* InviteTableViewController.xib */ = {isa = PBXFileReference; fileEncoding = 4; lastKnownFileType = file.xib; path = InviteTableViewController.xib; sourceTree = "<group>"; };
		8A8073F9176789150053209C /* libiconv.dylib */ = {isa = PBXFileReference; lastKnownFileType = "compiled.mach-o.dylib"; name = libiconv.dylib; path = usr/lib/libiconv.dylib; sourceTree = SDKROOT; };
		8A8073FC17678C8A0053209C /* AppSociallyDemoMainViewController.xib */ = {isa = PBXFileReference; fileEncoding = 4; lastKnownFileType = file.xib; path = AppSociallyDemoMainViewController.xib; sourceTree = "<group>"; };
		8A8073FE176796B70053209C /* BarColor2.png */ = {isa = PBXFileReference; lastKnownFileType = image.png; path = BarColor2.png; sourceTree = "<group>"; };
		8A807400176797C60053209C /* people2@2x.png */ = {isa = PBXFileReference; lastKnownFileType = image.png; path = "people2@2x.png"; sourceTree = "<group>"; };
		8A80740217679E3F0053209C /* InviteTableCell.h */ = {isa = PBXFileReference; fileEncoding = 4; lastKnownFileType = sourcecode.c.h; path = InviteTableCell.h; sourceTree = "<group>"; };
		8A80740317679E3F0053209C /* InviteTableCell.m */ = {isa = PBXFileReference; fileEncoding = 4; lastKnownFileType = sourcecode.c.objc; path = InviteTableCell.m; sourceTree = "<group>"; };
		8A8074051767A1FC0053209C /* icon_facebook@2x.png */ = {isa = PBXFileReference; lastKnownFileType = image.png; path = "icon_facebook@2x.png"; sourceTree = "<group>"; };
		8A8074061767A1FC0053209C /* icon_mail@2x.png */ = {isa = PBXFileReference; lastKnownFileType = image.png; path = "icon_mail@2x.png"; sourceTree = "<group>"; };
		8A8074071767A1FC0053209C /* icon_twitter@2x.png */ = {isa = PBXFileReference; lastKnownFileType = image.png; path = "icon_twitter@2x.png"; sourceTree = "<group>"; };
		8A80740B1767A28A0053209C /* icon_contact@2x.png */ = {isa = PBXFileReference; lastKnownFileType = image.png; path = "icon_contact@2x.png"; sourceTree = "<group>"; };
		8A8FCB7C179886AF000FDE7A /* Foundation.framework */ = {isa = PBXFileReference; lastKnownFileType = wrapper.framework; name = Foundation.framework; path = System/Library/Frameworks/Foundation.framework; sourceTree = SDKROOT; };
		8A8FCB7E179886B8000FDE7A /* UIKit.framework */ = {isa = PBXFileReference; lastKnownFileType = wrapper.framework; name = UIKit.framework; path = System/Library/Frameworks/UIKit.framework; sourceTree = SDKROOT; };
		8A8FCB80179886C0000FDE7A /* CoreGraphics.framework */ = {isa = PBXFileReference; lastKnownFileType = wrapper.framework; name = CoreGraphics.framework; path = System/Library/Frameworks/CoreGraphics.framework; sourceTree = SDKROOT; };
		8A93BE7417CD5FE40057D525 /* en */ = {isa = PBXFileReference; lastKnownFileType = text.plist.strings; name = en; path = en.lproj/AppSociallySDK.strings; sourceTree = "<group>"; };
		8A93BE7617CD5FE90057D525 /* es */ = {isa = PBXFileReference; lastKnownFileType = text.plist.strings; name = es; path = es.lproj/AppSociallySDK.strings; sourceTree = "<group>"; };
		8A93BE7717CD5FEB0057D525 /* pt */ = {isa = PBXFileReference; lastKnownFileType = text.plist.strings; name = pt; path = pt.lproj/AppSociallySDK.strings; sourceTree = "<group>"; };
		8A93BE7817CD5FFA0057D525 /* AppSocially.bundle */ = {isa = PBXFileReference; lastKnownFileType = "wrapper.plug-in"; name = AppSocially.bundle; path = ../../../AppSociallySDK/AppSocially.bundle; sourceTree = "<group>"; };
		8AC6D6171741833E00820179 /* MessageUI.framework */ = {isa = PBXFileReference; lastKnownFileType = wrapper.framework; name = MessageUI.framework; path = Platforms/iPhoneOS.platform/Developer/SDKs/iPhoneOS6.1.sdk/System/Library/Frameworks/MessageUI.framework; sourceTree = DEVELOPER_DIR; };
		8AC6D6191741835000820179 /* AddressBook.framework */ = {isa = PBXFileReference; lastKnownFileType = wrapper.framework; name = AddressBook.framework; path = Platforms/iPhoneOS.platform/Developer/SDKs/iPhoneOS6.1.sdk/System/Library/Frameworks/AddressBook.framework; sourceTree = DEVELOPER_DIR; };
		8AC6D61A1741835000820179 /* AddressBookUI.framework */ = {isa = PBXFileReference; lastKnownFileType = wrapper.framework; name = AddressBookUI.framework; path = Platforms/iPhoneOS.platform/Developer/SDKs/iPhoneOS6.1.sdk/System/Library/Frameworks/AddressBookUI.framework; sourceTree = DEVELOPER_DIR; };
		8AF97969187EC22D00CEFE6E /* ko */ = {isa = PBXFileReference; lastKnownFileType = text.plist.strings; name = ko; path = ko.lproj/AppSociallySDK.strings; sourceTree = "<group>"; };
		8AF9796A187EC23C00CEFE6E /* zh-Hans */ = {isa = PBXFileReference; lastKnownFileType = text.plist.strings; name = "zh-Hans"; path = "zh-Hans.lproj/AppSociallySDK.strings"; sourceTree = "<group>"; };
/* End PBXFileReference section */

/* Begin PBXFrameworksBuildPhase section */
		85B4415C17288A2800D584DA /* Frameworks */ = {
			isa = PBXFrameworksBuildPhase;
			buildActionMask = 2147483647;
			files = (
				8A8FCB81179886C0000FDE7A /* CoreGraphics.framework in Frameworks */,
				8A8FCB7F179886B8000FDE7A /* UIKit.framework in Frameworks */,
				8A8FCB7D179886AF000FDE7A /* Foundation.framework in Frameworks */,
				8A8073FB1767895B0053209C /* libiconv.dylib in Frameworks */,
				8AC6D61B1741835000820179 /* AddressBook.framework in Frameworks */,
				28AD77D819BF4B4F00ECD68D /* FacebookSDK.framework in Frameworks */,
				8AC6D61C1741835000820179 /* AddressBookUI.framework in Frameworks */,
				8AC6D6181741833E00820179 /* MessageUI.framework in Frameworks */,
				85B447A91728B61700D584DA /* Accounts.framework in Frameworks */,
				85B445C917288CBD00D584DA /* CFNetwork.framework in Frameworks */,
				85B4479D1728B25200D584DA /* MobileCoreServices.framework in Frameworks */,
				85B447BD1728BC1100D584DA /* QuartzCore.framework in Frameworks */,
				85B445C317288ADF00D584DA /* Security.framework in Frameworks */,
				85B447AB1728B62800D584DA /* Social.framework in Frameworks */,
				85B445D217288F0900D584DA /* SystemConfiguration.framework in Frameworks */,
				85B445C717288CB800D584DA /* libresolv.dylib in Frameworks */,
				28AD77D619BF4B3000ECD68D /* AppSocially.framework in Frameworks */,
				85B445C117288AA400D584DA /* libxml2.dylib in Frameworks */,
			);
			runOnlyForDeploymentPostprocessing = 0;
		};
/* End PBXFrameworksBuildPhase section */

/* Begin PBXGroup section */
		85B441191728891500D584DA = {
			isa = PBXGroup;
			children = (
				8A15B91017666B020046E3CC /* Resources */,
				8A15B8EC17666A390046E3CC /* AppSociallySDKSample */,
				8A8073E7176786650053209C /* Vendor */,
				8A15B90817666A490046E3CC /* Supporting Files */,
				85B4416117288A2800D584DA /* Frameworks */,
				85B4416017288A2800D584DA /* Products */,
			);
			sourceTree = "<group>";
		};
		85B4416017288A2800D584DA /* Products */ = {
			isa = PBXGroup;
			children = (
				85B4415F17288A2800D584DA /* SlideMenuSample.app */,
			);
			name = Products;
			sourceTree = "<group>";
		};
		85B4416117288A2800D584DA /* Frameworks */ = {
			isa = PBXGroup;
			children = (
				28AD77D719BF4B4F00ECD68D /* FacebookSDK.framework */,
				28AD77D519BF4B3000ECD68D /* AppSocially.framework */,
				8A8FCB80179886C0000FDE7A /* CoreGraphics.framework */,
				8A8FCB7E179886B8000FDE7A /* UIKit.framework */,
				8A8FCB7C179886AF000FDE7A /* Foundation.framework */,
				8A8073F9176789150053209C /* libiconv.dylib */,
				8AC6D6191741835000820179 /* AddressBook.framework */,
				8AC6D61A1741835000820179 /* AddressBookUI.framework */,
				8AC6D6171741833E00820179 /* MessageUI.framework */,
				85B445C617288CB800D584DA /* libresolv.dylib */,
				85B445C017288AA400D584DA /* libxml2.dylib */,
				85B447A81728B61700D584DA /* Accounts.framework */,
				85B445C817288CBD00D584DA /* CFNetwork.framework */,
				85B4479C1728B25200D584DA /* MobileCoreServices.framework */,
				85B447BC1728BC1100D584DA /* QuartzCore.framework */,
				85B445C217288ADF00D584DA /* Security.framework */,
				85B447AA1728B62800D584DA /* Social.framework */,
				85B445D117288F0900D584DA /* SystemConfiguration.framework */,
			);
			name = Frameworks;
			sourceTree = "<group>";
		};
		8A15B8EC17666A390046E3CC /* AppSociallySDKSample */ = {
			isa = PBXGroup;
			children = (
				8A15B8F717666A390046E3CC /* AppSociallyDemoAppDelegate.h */,
				8A15B8F817666A390046E3CC /* AppSociallyDemoAppDelegate.m */,
				8A15B8F917666A390046E3CC /* AppSociallyDemoMainViewController.h */,
				8A15B8FA17666A390046E3CC /* AppSociallyDemoMainViewController.m */,
				8A8073FC17678C8A0053209C /* AppSociallyDemoMainViewController.xib */,
				8A8073F4176787EB0053209C /* InviteTableViewController.h */,
				8A8073F5176787EB0053209C /* InviteTableViewController.m */,
				8A8073F6176787EB0053209C /* InviteTableViewController.xib */,
				8A80740217679E3F0053209C /* InviteTableCell.h */,
				8A80740317679E3F0053209C /* InviteTableCell.m */,
			);
			name = AppSociallySDKSample;
			path = GrowthSDKSample;
			sourceTree = "<group>";
		};
		8A15B90817666A490046E3CC /* Supporting Files */ = {
			isa = PBXGroup;
			children = (
				8A15B8F117666A390046E3CC /* SlideMenuSample-Info.plist */,
				8A15B8F217666A390046E3CC /* SlideMenuSample-Prefix.pch */,
				8A15B8F317666A390046E3CC /* InfoPlist.strings */,
				8A15B8FB17666A390046E3CC /* main.m */,
			);
			name = "Supporting Files";
			path = GrowthSDKSample;
			sourceTree = "<group>";
		};
		8A15B91017666B020046E3CC /* Resources */ = {
			isa = PBXGroup;
			children = (
				28AD77D919BF4D9400ECD68D /* BarColor3.png */,
				8A93BE7817CD5FFA0057D525 /* AppSocially.bundle */,
				8A5E1B8D1797CD79005813ED /* Localize */,
				8A80740B1767A28A0053209C /* icon_contact@2x.png */,
				8A8074051767A1FC0053209C /* icon_facebook@2x.png */,
				8A8074061767A1FC0053209C /* icon_mail@2x.png */,
				8A8074071767A1FC0053209C /* icon_twitter@2x.png */,
				8A807400176797C60053209C /* people2@2x.png */,
				8A8073FE176796B70053209C /* BarColor2.png */,
				8A15B90A17666AE90046E3CC /* Default-568h@2x.png */,
				8A15B90B17666AE90046E3CC /* Default.png */,
				8A15B90C17666AE90046E3CC /* Default@2x.png */,
			);
			path = Resources;
			sourceTree = "<group>";
		};
		8A5E1B8D1797CD79005813ED /* Localize */ = {
			isa = PBXGroup;
			children = (
				8A93BE7317CD5FE40057D525 /* AppSociallySDK.strings */,
			);
			name = Localize;
			path = ../../../Localize;
			sourceTree = "<group>";
		};
		8A8073E7176786650053209C /* Vendor */ = {
			isa = PBXGroup;
			children = (
				8A8073E9176786650053209C /* ViewDeck */,
			);
			path = Vendor;
			sourceTree = "<group>";
		};
		8A8073E9176786650053209C /* ViewDeck */ = {
			isa = PBXGroup;
			children = (
				8A8073EA176786650053209C /* IISideController.h */,
				8A8073EB176786650053209C /* IISideController.m */,
				8A8073EC176786650053209C /* IIViewDeckController.h */,
				8A8073ED176786650053209C /* IIViewDeckController.m */,
				8A8073EE176786650053209C /* IIWrapController.h */,
				8A8073EF176786650053209C /* IIWrapController.m */,
			);
			path = ViewDeck;
			sourceTree = "<group>";
		};
/* End PBXGroup section */

/* Begin PBXNativeTarget section */
		85B4415E17288A2800D584DA /* SlideMenuSampleDemo */ = {
			isa = PBXNativeTarget;
			buildConfigurationList = 85B4418617288A2800D584DA /* Build configuration list for PBXNativeTarget "SlideMenuSampleDemo" */;
			buildPhases = (
				85B4415D17288A2800D584DA /* Resources */,
				85B4415B17288A2800D584DA /* Sources */,
				85B4415C17288A2800D584DA /* Frameworks */,
			);
			buildRules = (
			);
			dependencies = (
			);
			name = SlideMenuSampleDemo;
			productName = DemoApp;
			productReference = 85B4415F17288A2800D584DA /* SlideMenuSample.app */;
			productType = "com.apple.product-type.application";
		};
/* End PBXNativeTarget section */

/* Begin PBXProject section */
		85B4411A1728891500D584DA /* Project object */ = {
			isa = PBXProject;
			attributes = {
				CLASSPREFIX = IK;
				LastUpgradeCheck = 0500;
				ORGANIZATIONNAME = "AppSocially Inc.";
			};
			buildConfigurationList = 85B4411D1728891500D584DA /* Build configuration list for PBXProject "SlideMenuSample" */;
			compatibilityVersion = "Xcode 3.2";
			developmentRegion = English;
			hasScannedForEncodings = 0;
			knownRegions = (
				en,
				English,
				es,
				pt,
				ko,
				"zh-Hans",
			);
			mainGroup = 85B441191728891500D584DA;
			productRefGroup = 85B4416017288A2800D584DA /* Products */;
			projectDirPath = "";
			projectRoot = "";
			targets = (
				85B4415E17288A2800D584DA /* SlideMenuSampleDemo */,
			);
		};
/* End PBXProject section */

/* Begin PBXResourcesBuildPhase section */
		85B4415D17288A2800D584DA /* Resources */ = {
			isa = PBXResourcesBuildPhase;
			buildActionMask = 2147483647;
			files = (
				8A15B90217666A390046E3CC /* InfoPlist.strings in Resources */,
				8A15B90D17666AE90046E3CC /* Default-568h@2x.png in Resources */,
				8A15B90E17666AE90046E3CC /* Default.png in Resources */,
				8A15B90F17666AE90046E3CC /* Default@2x.png in Resources */,
				8A8073F8176787EB0053209C /* InviteTableViewController.xib in Resources */,
				8A8073FD17678C8A0053209C /* AppSociallyDemoMainViewController.xib in Resources */,
				8A8073FF176796B70053209C /* BarColor2.png in Resources */,
				28AD77DA19BF4D9400ECD68D /* BarColor3.png in Resources */,
				8A807401176797C60053209C /* people2@2x.png in Resources */,
				8A8074081767A1FC0053209C /* icon_facebook@2x.png in Resources */,
				8A8074091767A1FC0053209C /* icon_mail@2x.png in Resources */,
				8A80740A1767A1FC0053209C /* icon_twitter@2x.png in Resources */,
				8A80740C1767A28A0053209C /* icon_contact@2x.png in Resources */,
				8A93BE7517CD5FE40057D525 /* AppSociallySDK.strings in Resources */,
				8A93BE7917CD5FFA0057D525 /* AppSocially.bundle in Resources */,
			);
			runOnlyForDeploymentPostprocessing = 0;
		};
/* End PBXResourcesBuildPhase section */

/* Begin PBXSourcesBuildPhase section */
		85B4415B17288A2800D584DA /* Sources */ = {
			isa = PBXSourcesBuildPhase;
			buildActionMask = 2147483647;
			files = (
				8A15B90417666A390046E3CC /* AppSociallyDemoAppDelegate.m in Sources */,
				8A15B90517666A390046E3CC /* AppSociallyDemoMainViewController.m in Sources */,
				8A15B90617666A390046E3CC /* main.m in Sources */,
				8A8073F1176786650053209C /* IISideController.m in Sources */,
				8A8073F2176786650053209C /* IIViewDeckController.m in Sources */,
				8A8073F3176786650053209C /* IIWrapController.m in Sources */,
				8A8073F7176787EB0053209C /* InviteTableViewController.m in Sources */,
				8A80740417679E3F0053209C /* InviteTableCell.m in Sources */,
			);
			runOnlyForDeploymentPostprocessing = 0;
		};
/* End PBXSourcesBuildPhase section */

/* Begin PBXVariantGroup section */
		8A15B8F317666A390046E3CC /* InfoPlist.strings */ = {
			isa = PBXVariantGroup;
			children = (
				8A15B8F417666A390046E3CC /* en */,
			);
			name = InfoPlist.strings;
			sourceTree = "<group>";
		};
		8A93BE7317CD5FE40057D525 /* AppSociallySDK.strings */ = {
			isa = PBXVariantGroup;
			children = (
				8A93BE7417CD5FE40057D525 /* en */,
				8A93BE7617CD5FE90057D525 /* es */,
				8A93BE7717CD5FEB0057D525 /* pt */,
				8AF97969187EC22D00CEFE6E /* ko */,
				8AF9796A187EC23C00CEFE6E /* zh-Hans */,
			);
			name = AppSociallySDK.strings;
			sourceTree = "<group>";
		};
/* End PBXVariantGroup section */

/* Begin XCBuildConfiguration section */
		85B4411E1728891500D584DA /* Debug */ = {
			isa = XCBuildConfiguration;
			buildSettings = {
				ONLY_ACTIVE_ARCH = YES;
				SDKROOT = iphoneos;
				SUPPORTED_PLATFORMS = "iphonesimulator iphoneos";
				VALID_ARCHS = "armv7 armv7s";
			};
			name = Debug;
		};
		85B4411F1728891500D584DA /* Release */ = {
			isa = XCBuildConfiguration;
			buildSettings = {
				SDKROOT = iphoneos;
				SUPPORTED_PLATFORMS = "iphonesimulator iphoneos";
				VALID_ARCHS = "armv7 armv7s";
			};
			name = Release;
		};
		85B4418717288A2800D584DA /* Debug */ = {
			isa = XCBuildConfiguration;
			buildSettings = {
				ALWAYS_SEARCH_USER_PATHS = NO;
				CLANG_CXX_LANGUAGE_STANDARD = "gnu++0x";
				CLANG_CXX_LIBRARY = "libc++";
				CLANG_ENABLE_OBJC_ARC = YES;
				CLANG_WARN_CONSTANT_CONVERSION = YES;
				CLANG_WARN_EMPTY_BODY = YES;
				CLANG_WARN_ENUM_CONVERSION = YES;
				CLANG_WARN_INT_CONVERSION = YES;
				CLANG_WARN__DUPLICATE_METHOD_MATCH = YES;
				"CODE_SIGN_IDENTITY[sdk=iphoneos*]" = "iPhone Developer";
				COPY_PHASE_STRIP = NO;
				FRAMEWORK_SEARCH_PATHS = (
					"$(inherited)",
					"$(SRCROOT)",
					"\"$(SRCROOT)/Vendor\"",
					"\"$(SRCROOT)/../../AppSociallySDK\"",
					"$(PROJECT_DIR)",
				);
				GCC_C_LANGUAGE_STANDARD = gnu99;
				GCC_DYNAMIC_NO_PIC = NO;
				GCC_OPTIMIZATION_LEVEL = 0;
				GCC_PRECOMPILE_PREFIX_HEADER = YES;
				GCC_PREFIX_HEADER = "GrowthSDKSample/SlideMenuSample-Prefix.pch";
				GCC_PREPROCESSOR_DEFINITIONS = (
					"DEBUG=1",
					"$(inherited)",
				);
				GCC_SYMBOLS_PRIVATE_EXTERN = NO;
				GCC_WARN_ABOUT_RETURN_TYPE = YES;
				GCC_WARN_UNINITIALIZED_AUTOS = YES;
				GCC_WARN_UNUSED_VARIABLE = YES;
				HEADER_SEARCH_PATHS = "";
				INFOPLIST_FILE = "GrowthSDKSample/SlideMenuSample-Info.plist";
				IPHONEOS_DEPLOYMENT_TARGET = 6.0;
				LIBRARY_SEARCH_PATHS = "";
				ONLY_ACTIVE_ARCH = NO;
				OTHER_LDFLAGS = (
					"-ObjC",
					"-all_load",
				);
				PRODUCT_NAME = SlideMenuSample;
				SDKROOT = iphoneos;
				TARGETED_DEVICE_FAMILY = "1,2";
				VALID_ARCHS = "armv7 armv7s";
				WRAPPER_EXTENSION = app;
			};
			name = Debug;
		};
		85B4418817288A2800D584DA /* Release */ = {
			isa = XCBuildConfiguration;
			buildSettings = {
				ALWAYS_SEARCH_USER_PATHS = NO;
				CLANG_CXX_LANGUAGE_STANDARD = "gnu++0x";
				CLANG_CXX_LIBRARY = "libc++";
				CLANG_ENABLE_OBJC_ARC = YES;
				CLANG_WARN_CONSTANT_CONVERSION = YES;
				CLANG_WARN_EMPTY_BODY = YES;
				CLANG_WARN_ENUM_CONVERSION = YES;
				CLANG_WARN_INT_CONVERSION = YES;
				CLANG_WARN__DUPLICATE_METHOD_MATCH = YES;
				"CODE_SIGN_IDENTITY[sdk=iphoneos*]" = "iPhone Developer";
				COPY_PHASE_STRIP = YES;
				FRAMEWORK_SEARCH_PATHS = (
					"$(inherited)",
					"$(SRCROOT)",
					"\"$(SRCROOT)/Vendor\"",
					"\"$(SRCROOT)/../../AppSociallySDK\"",
					"$(PROJECT_DIR)",
				);
				GCC_C_LANGUAGE_STANDARD = gnu99;
				GCC_PRECOMPILE_PREFIX_HEADER = YES;
				GCC_PREFIX_HEADER = "GrowthSDKSample/SlideMenuSample-Prefix.pch";
				GCC_WARN_ABOUT_RETURN_TYPE = YES;
				GCC_WARN_UNINITIALIZED_AUTOS = YES;
				GCC_WARN_UNUSED_VARIABLE = YES;
				HEADER_SEARCH_PATHS = "";
				INFOPLIST_FILE = "GrowthSDKSample/SlideMenuSample-Info.plist";
				IPHONEOS_DEPLOYMENT_TARGET = 6.0;
				LIBRARY_SEARCH_PATHS = "";
				ONLY_ACTIVE_ARCH = NO;
				OTHER_CFLAGS = "-DNS_BLOCK_ASSERTIONS=1";
				OTHER_LDFLAGS = (
					"-ObjC",
					"-all_load",
				);
				PRODUCT_NAME = SlideMenuSample;
				SDKROOT = iphoneos;
				TARGETED_DEVICE_FAMILY = "1,2";
				VALIDATE_PRODUCT = YES;
				VALID_ARCHS = "armv7 armv7s";
				WRAPPER_EXTENSION = app;
			};
			name = Release;
		};
		8AF419481755A37A001F34FE /* AdHoc */ = {
			isa = XCBuildConfiguration;
			buildSettings = {
				SDKROOT = iphoneos;
				SUPPORTED_PLATFORMS = "iphonesimulator iphoneos";
				VALID_ARCHS = "armv7 armv7s";
			};
			name = AdHoc;
		};
		8AF419491755A37A001F34FE /* AdHoc */ = {
			isa = XCBuildConfiguration;
			buildSettings = {
				ALWAYS_SEARCH_USER_PATHS = NO;
				CLANG_CXX_LANGUAGE_STANDARD = "gnu++0x";
				CLANG_CXX_LIBRARY = "libc++";
				CLANG_ENABLE_OBJC_ARC = YES;
				CLANG_WARN_CONSTANT_CONVERSION = YES;
				CLANG_WARN_EMPTY_BODY = YES;
				CLANG_WARN_ENUM_CONVERSION = YES;
				CLANG_WARN_INT_CONVERSION = YES;
				CLANG_WARN__DUPLICATE_METHOD_MATCH = YES;
				CODE_SIGN_IDENTITY = "iPhone Distribution";
				"CODE_SIGN_IDENTITY[sdk=iphoneos*]" = "iPhone Distribution";
				COPY_PHASE_STRIP = YES;
				FRAMEWORK_SEARCH_PATHS = (
					"$(inherited)",
					"$(SRCROOT)",
					"\"$(SRCROOT)/Vendor\"",
					"\"$(SRCROOT)/../../AppSociallySDK\"",
					"$(PROJECT_DIR)",
				);
				GCC_C_LANGUAGE_STANDARD = gnu99;
				GCC_PRECOMPILE_PREFIX_HEADER = YES;
				GCC_PREFIX_HEADER = "GrowthSDKSample/SlideMenuSample-Prefix.pch";
				GCC_WARN_ABOUT_RETURN_TYPE = YES;
				GCC_WARN_UNINITIALIZED_AUTOS = YES;
				GCC_WARN_UNUSED_VARIABLE = YES;
				HEADER_SEARCH_PATHS = "";
				INFOPLIST_FILE = "GrowthSDKSample/SlideMenuSample-Info.plist";
				IPHONEOS_DEPLOYMENT_TARGET = 6.0;
				LIBRARY_SEARCH_PATHS = "";
				ONLY_ACTIVE_ARCH = NO;
				OTHER_CFLAGS = "-DNS_BLOCK_ASSERTIONS=1";
				OTHER_LDFLAGS = (
					"-ObjC",
					"-all_load",
				);
				PRODUCT_NAME = SlideMenuSample;
				PROVISIONING_PROFILE = "";
				"PROVISIONING_PROFILE[sdk=iphoneos*]" = "";
				SDKROOT = iphoneos;
				TARGETED_DEVICE_FAMILY = "1,2";
				VALIDATE_PRODUCT = YES;
				VALID_ARCHS = "armv7 armv7s";
				WRAPPER_EXTENSION = app;
			};
			name = AdHoc;
		};
/* End XCBuildConfiguration section */

/* Begin XCConfigurationList section */
		85B4411D1728891500D584DA /* Build configuration list for PBXProject "SlideMenuSample" */ = {
			isa = XCConfigurationList;
			buildConfigurations = (
				85B4411E1728891500D584DA /* Debug */,
				85B4411F1728891500D584DA /* Release */,
				8AF419481755A37A001F34FE /* AdHoc */,
			);
			defaultConfigurationIsVisible = 0;
			defaultConfigurationName = Release;
		};
		85B4418617288A2800D584DA /* Build configuration list for PBXNativeTarget "SlideMenuSampleDemo" */ = {
			isa = XCConfigurationList;
			buildConfigurations = (
				85B4418717288A2800D584DA /* Debug */,
				85B4418817288A2800D584DA /* Release */,
				8AF419491755A37A001F34FE /* AdHoc */,
			);
			defaultConfigurationIsVisible = 0;
			defaultConfigurationName = Release;
		};
/* End XCConfigurationList section */
	};
	rootObject = 85B4411A1728891500D584DA /* Project object */;
}
